// !$*UTF8*$!
{
	archiveVersion = 1;
	classes = {
	};
	objectVersion = 56;
	objects = {

/* Begin PBXBuildFile section */
		5682C0E62997023C003E490D /* Cribbage_Counter_iOSApp.swift in Sources */ = {isa = PBXBuildFile; fileRef = 5682C0E52997023C003E490D /* Cribbage_Counter_iOSApp.swift */; };
		5682C0E82997023C003E490D /* ContentView.swift in Sources */ = {isa = PBXBuildFile; fileRef = 5682C0E72997023C003E490D /* ContentView.swift */; };
		5682C0EA2997023E003E490D /* Assets.xcassets in Resources */ = {isa = PBXBuildFile; fileRef = 5682C0E92997023E003E490D /* Assets.xcassets */; };
		5682C0ED2997023E003E490D /* Preview Assets.xcassets in Resources */ = {isa = PBXBuildFile; fileRef = 5682C0EC2997023E003E490D /* Preview Assets.xcassets */; };
		5682C0F72997023E003E490D /* Cribbage_Counter_iOSTests.swift in Sources */ = {isa = PBXBuildFile; fileRef = 5682C0F62997023E003E490D /* Cribbage_Counter_iOSTests.swift */; };
		5682C1012997023F003E490D /* Cribbage_Counter_iOSUITests.swift in Sources */ = {isa = PBXBuildFile; fileRef = 5682C1002997023F003E490D /* Cribbage_Counter_iOSUITests.swift */; };
		5682C1032997023F003E490D /* Cribbage_Counter_iOSUITestsLaunchTests.swift in Sources */ = {isa = PBXBuildFile; fileRef = 5682C1022997023F003E490D /* Cribbage_Counter_iOSUITestsLaunchTests.swift */; };
		5699CE3729971B1000DBEA85 /* GameView.swift in Sources */ = {isa = PBXBuildFile; fileRef = 5699CE3629971B1000DBEA85 /* GameView.swift */; };
/* End PBXBuildFile section */

/* Begin PBXContainerItemProxy section */
		5682C0F32997023E003E490D /* PBXContainerItemProxy */ = {
			isa = PBXContainerItemProxy;
			containerPortal = 5682C0DA2997023C003E490D /* Project object */;
			proxyType = 1;
			remoteGlobalIDString = 5682C0E12997023C003E490D;
			remoteInfo = "Cribbage Counter iOS";
		};
		5682C0FD2997023F003E490D /* PBXContainerItemProxy */ = {
			isa = PBXContainerItemProxy;
			containerPortal = 5682C0DA2997023C003E490D /* Project object */;
			proxyType = 1;
			remoteGlobalIDString = 5682C0E12997023C003E490D;
			remoteInfo = "Cribbage Counter iOS";
		};
/* End PBXContainerItemProxy section */

/* Begin PBXFileReference section */
		5682C0E22997023C003E490D /* Cribbage Counter iOS.app */ = {isa = PBXFileReference; explicitFileType = wrapper.application; includeInIndex = 0; path = "Cribbage Counter iOS.app"; sourceTree = BUILT_PRODUCTS_DIR; };
		5682C0E52997023C003E490D /* Cribbage_Counter_iOSApp.swift */ = {isa = PBXFileReference; lastKnownFileType = sourcecode.swift; path = Cribbage_Counter_iOSApp.swift; sourceTree = "<group>"; };
		5682C0E72997023C003E490D /* ContentView.swift */ = {isa = PBXFileReference; lastKnownFileType = sourcecode.swift; path = ContentView.swift; sourceTree = "<group>"; };
		5682C0E92997023E003E490D /* Assets.xcassets */ = {isa = PBXFileReference; lastKnownFileType = folder.assetcatalog; path = Assets.xcassets; sourceTree = "<group>"; };
		5682C0EC2997023E003E490D /* Preview Assets.xcassets */ = {isa = PBXFileReference; lastKnownFileType = folder.assetcatalog; path = "Preview Assets.xcassets"; sourceTree = "<group>"; };
		5682C0F22997023E003E490D /* Cribbage Counter iOSTests.xctest */ = {isa = PBXFileReference; explicitFileType = wrapper.cfbundle; includeInIndex = 0; path = "Cribbage Counter iOSTests.xctest"; sourceTree = BUILT_PRODUCTS_DIR; };
		5682C0F62997023E003E490D /* Cribbage_Counter_iOSTests.swift */ = {isa = PBXFileReference; lastKnownFileType = sourcecode.swift; path = Cribbage_Counter_iOSTests.swift; sourceTree = "<group>"; };
		5682C0FC2997023E003E490D /* Cribbage Counter iOSUITests.xctest */ = {isa = PBXFileReference; explicitFileType = wrapper.cfbundle; includeInIndex = 0; path = "Cribbage Counter iOSUITests.xctest"; sourceTree = BUILT_PRODUCTS_DIR; };
		5682C1002997023F003E490D /* Cribbage_Counter_iOSUITests.swift */ = {isa = PBXFileReference; lastKnownFileType = sourcecode.swift; path = Cribbage_Counter_iOSUITests.swift; sourceTree = "<group>"; };
		5682C1022997023F003E490D /* Cribbage_Counter_iOSUITestsLaunchTests.swift */ = {isa = PBXFileReference; lastKnownFileType = sourcecode.swift; path = Cribbage_Counter_iOSUITestsLaunchTests.swift; sourceTree = "<group>"; };
		5699CE3629971B1000DBEA85 /* GameView.swift */ = {isa = PBXFileReference; lastKnownFileType = sourcecode.swift; path = GameView.swift; sourceTree = "<group>"; };
/* End PBXFileReference section */

/* Begin PBXFrameworksBuildPhase section */
		5682C0DF2997023C003E490D /* Frameworks */ = {
			isa = PBXFrameworksBuildPhase;
			buildActionMask = 2147483647;
			files = (
			);
			runOnlyForDeploymentPostprocessing = 0;
		};
		5682C0EF2997023E003E490D /* Frameworks */ = {
			isa = PBXFrameworksBuildPhase;
			buildActionMask = 2147483647;
			files = (
			);
			runOnlyForDeploymentPostprocessing = 0;
		};
		5682C0F92997023E003E490D /* Frameworks */ = {
			isa = PBXFrameworksBuildPhase;
			buildActionMask = 2147483647;
			files = (
			);
			runOnlyForDeploymentPostprocessing = 0;
		};
/* End PBXFrameworksBuildPhase section */

/* Begin PBXGroup section */
		5682C0D92997023C003E490D = {
			isa = PBXGroup;
			children = (
				5682C0E42997023C003E490D /* Cribbage Counter iOS */,
				5682C0F52997023E003E490D /* Cribbage Counter iOSTests */,
				5682C0FF2997023F003E490D /* Cribbage Counter iOSUITests */,
				5682C0E32997023C003E490D /* Products */,
			);
			sourceTree = "<group>";
		};
		5682C0E32997023C003E490D /* Products */ = {
			isa = PBXGroup;
			children = (
				5682C0E22997023C003E490D /* Cribbage Counter iOS.app */,
				5682C0F22997023E003E490D /* Cribbage Counter iOSTests.xctest */,
				5682C0FC2997023E003E490D /* Cribbage Counter iOSUITests.xctest */,
			);
			name = Products;
			sourceTree = "<group>";
		};
		5682C0E42997023C003E490D /* Cribbage Counter iOS */ = {
			isa = PBXGroup;
			children = (
				5682C0E52997023C003E490D /* Cribbage_Counter_iOSApp.swift */,
				5682C0E72997023C003E490D /* ContentView.swift */,
				5699CE3629971B1000DBEA85 /* GameView.swift */,
				5682C0E92997023E003E490D /* Assets.xcassets */,
				5682C0EB2997023E003E490D /* Preview Content */,
			);
			path = "Cribbage Counter iOS";
			sourceTree = "<group>";
		};
		5682C0EB2997023E003E490D /* Preview Content */ = {
			isa = PBXGroup;
			children = (
				5682C0EC2997023E003E490D /* Preview Assets.xcassets */,
			);
			path = "Preview Content";
			sourceTree = "<group>";
		};
		5682C0F52997023E003E490D /* Cribbage Counter iOSTests */ = {
			isa = PBXGroup;
			children = (
				5682C0F62997023E003E490D /* Cribbage_Counter_iOSTests.swift */,
			);
			path = "Cribbage Counter iOSTests";
			sourceTree = "<group>";
		};
		5682C0FF2997023F003E490D /* Cribbage Counter iOSUITests */ = {
			isa = PBXGroup;
			children = (
				5682C1002997023F003E490D /* Cribbage_Counter_iOSUITests.swift */,
				5682C1022997023F003E490D /* Cribbage_Counter_iOSUITestsLaunchTests.swift */,
			);
			path = "Cribbage Counter iOSUITests";
			sourceTree = "<group>";
		};
/* End PBXGroup section */

/* Begin PBXNativeTarget section */
		5682C0E12997023C003E490D /* Cribbage Counter iOS */ = {
			isa = PBXNativeTarget;
			buildConfigurationList = 5682C1062997023F003E490D /* Build configuration list for PBXNativeTarget "Cribbage Counter iOS" */;
			buildPhases = (
				5682C0DE2997023C003E490D /* Sources */,
				5682C0DF2997023C003E490D /* Frameworks */,
				5682C0E02997023C003E490D /* Resources */,
			);
			buildRules = (
			);
			dependencies = (
			);
			name = "Cribbage Counter iOS";
			productName = "Cribbage Counter iOS";
			productReference = 5682C0E22997023C003E490D /* Cribbage Counter iOS.app */;
			productType = "com.apple.product-type.application";
		};
		5682C0F12997023E003E490D /* Cribbage Counter iOSTests */ = {
			isa = PBXNativeTarget;
			buildConfigurationList = 5682C1092997023F003E490D /* Build configuration list for PBXNativeTarget "Cribbage Counter iOSTests" */;
			buildPhases = (
				5682C0EE2997023E003E490D /* Sources */,
				5682C0EF2997023E003E490D /* Frameworks */,
				5682C0F02997023E003E490D /* Resources */,
			);
			buildRules = (
			);
			dependencies = (
				5682C0F42997023E003E490D /* PBXTargetDependency */,
			);
			name = "Cribbage Counter iOSTests";
			productName = "Cribbage Counter iOSTests";
			productReference = 5682C0F22997023E003E490D /* Cribbage Counter iOSTests.xctest */;
			productType = "com.apple.product-type.bundle.unit-test";
		};
		5682C0FB2997023E003E490D /* Cribbage Counter iOSUITests */ = {
			isa = PBXNativeTarget;
			buildConfigurationList = 5682C10C2997023F003E490D /* Build configuration list for PBXNativeTarget "Cribbage Counter iOSUITests" */;
			buildPhases = (
				5682C0F82997023E003E490D /* Sources */,
				5682C0F92997023E003E490D /* Frameworks */,
				5682C0FA2997023E003E490D /* Resources */,
			);
			buildRules = (
			);
			dependencies = (
				5682C0FE2997023F003E490D /* PBXTargetDependency */,
			);
			name = "Cribbage Counter iOSUITests";
			productName = "Cribbage Counter iOSUITests";
			productReference = 5682C0FC2997023E003E490D /* Cribbage Counter iOSUITests.xctest */;
			productType = "com.apple.product-type.bundle.ui-testing";
		};
/* End PBXNativeTarget section */

/* Begin PBXProject section */
		5682C0DA2997023C003E490D /* Project object */ = {
			isa = PBXProject;
			attributes = {
				BuildIndependentTargetsInParallel = 1;
				LastSwiftUpdateCheck = 1420;
				LastUpgradeCheck = 1420;
				TargetAttributes = {
					5682C0E12997023C003E490D = {
						CreatedOnToolsVersion = 14.2;
					};
					5682C0F12997023E003E490D = {
						CreatedOnToolsVersion = 14.2;
						TestTargetID = 5682C0E12997023C003E490D;
					};
					5682C0FB2997023E003E490D = {
						CreatedOnToolsVersion = 14.2;
						TestTargetID = 5682C0E12997023C003E490D;
					};
				};
			};
			buildConfigurationList = 5682C0DD2997023C003E490D /* Build configuration list for PBXProject "Cribbage Counter iOS" */;
			compatibilityVersion = "Xcode 14.0";
			developmentRegion = en;
			hasScannedForEncodings = 0;
			knownRegions = (
				en,
				Base,
			);
			mainGroup = 5682C0D92997023C003E490D;
			productRefGroup = 5682C0E32997023C003E490D /* Products */;
			projectDirPath = "";
			projectRoot = "";
			targets = (
				5682C0E12997023C003E490D /* Cribbage Counter iOS */,
				5682C0F12997023E003E490D /* Cribbage Counter iOSTests */,
				5682C0FB2997023E003E490D /* Cribbage Counter iOSUITests */,
			);
		};
/* End PBXProject section */

/* Begin PBXResourcesBuildPhase section */
		5682C0E02997023C003E490D /* Resources */ = {
			isa = PBXResourcesBuildPhase;
			buildActionMask = 2147483647;
			files = (
				5682C0ED2997023E003E490D /* Preview Assets.xcassets in Resources */,
				5682C0EA2997023E003E490D /* Assets.xcassets in Resources */,
			);
			runOnlyForDeploymentPostprocessing = 0;
		};
		5682C0F02997023E003E490D /* Resources */ = {
			isa = PBXResourcesBuildPhase;
			buildActionMask = 2147483647;
			files = (
			);
			runOnlyForDeploymentPostprocessing = 0;
		};
		5682C0FA2997023E003E490D /* Resources */ = {
			isa = PBXResourcesBuildPhase;
			buildActionMask = 2147483647;
			files = (
			);
			runOnlyForDeploymentPostprocessing = 0;
		};
/* End PBXResourcesBuildPhase section */

/* Begin PBXSourcesBuildPhase section */
		5682C0DE2997023C003E490D /* Sources */ = {
			isa = PBXSourcesBuildPhase;
			buildActionMask = 2147483647;
			files = (
				5682C0E82997023C003E490D /* ContentView.swift in Sources */,
				5699CE3729971B1000DBEA85 /* GameView.swift in Sources */,
				5682C0E62997023C003E490D /* Cribbage_Counter_iOSApp.swift in Sources */,
			);
			runOnlyForDeploymentPostprocessing = 0;
		};
		5682C0EE2997023E003E490D /* Sources */ = {
			isa = PBXSourcesBuildPhase;
			buildActionMask = 2147483647;
			files = (
				5682C0F72997023E003E490D /* Cribbage_Counter_iOSTests.swift in Sources */,
			);
			runOnlyForDeploymentPostprocessing = 0;
		};
		5682C0F82997023E003E490D /* Sources */ = {
			isa = PBXSourcesBuildPhase;
			buildActionMask = 2147483647;
			files = (
				5682C1032997023F003E490D /* Cribbage_Counter_iOSUITestsLaunchTests.swift in Sources */,
				5682C1012997023F003E490D /* Cribbage_Counter_iOSUITests.swift in Sources */,
			);
			runOnlyForDeploymentPostprocessing = 0;
		};
/* End PBXSourcesBuildPhase section */

/* Begin PBXTargetDependency section */
		5682C0F42997023E003E490D /* PBXTargetDependency */ = {
			isa = PBXTargetDependency;
			target = 5682C0E12997023C003E490D /* Cribbage Counter iOS */;
			targetProxy = 5682C0F32997023E003E490D /* PBXContainerItemProxy */;
		};
		5682C0FE2997023F003E490D /* PBXTargetDependency */ = {
			isa = PBXTargetDependency;
			target = 5682C0E12997023C003E490D /* Cribbage Counter iOS */;
			targetProxy = 5682C0FD2997023F003E490D /* PBXContainerItemProxy */;
		};
/* End PBXTargetDependency section */

/* Begin XCBuildConfiguration section */
		5682C1042997023F003E490D /* Debug */ = {
			isa = XCBuildConfiguration;
			buildSettings = {
				ALWAYS_SEARCH_USER_PATHS = NO;
				CLANG_ANALYZER_NONNULL = YES;
				CLANG_ANALYZER_NUMBER_OBJECT_CONVERSION = YES_AGGRESSIVE;
				CLANG_CXX_LANGUAGE_STANDARD = "gnu++20";
				CLANG_ENABLE_MODULES = YES;
				CLANG_ENABLE_OBJC_ARC = YES;
				CLANG_ENABLE_OBJC_WEAK = YES;
				CLANG_WARN_BLOCK_CAPTURE_AUTORELEASING = YES;
				CLANG_WARN_BOOL_CONVERSION = YES;
				CLANG_WARN_COMMA = YES;
				CLANG_WARN_CONSTANT_CONVERSION = YES;
				CLANG_WARN_DEPRECATED_OBJC_IMPLEMENTATIONS = YES;
				CLANG_WARN_DIRECT_OBJC_ISA_USAGE = YES_ERROR;
				CLANG_WARN_DOCUMENTATION_COMMENTS = YES;
				CLANG_WARN_EMPTY_BODY = YES;
				CLANG_WARN_ENUM_CONVERSION = YES;
				CLANG_WARN_INFINITE_RECURSION = YES;
				CLANG_WARN_INT_CONVERSION = YES;
				CLANG_WARN_NON_LITERAL_NULL_CONVERSION = YES;
				CLANG_WARN_OBJC_IMPLICIT_RETAIN_SELF = YES;
				CLANG_WARN_OBJC_LITERAL_CONVERSION = YES;
				CLANG_WARN_OBJC_ROOT_CLASS = YES_ERROR;
				CLANG_WARN_QUOTED_INCLUDE_IN_FRAMEWORK_HEADER = YES;
				CLANG_WARN_RANGE_LOOP_ANALYSIS = YES;
				CLANG_WARN_STRICT_PROTOTYPES = YES;
				CLANG_WARN_SUSPICIOUS_MOVE = YES;
				CLANG_WARN_UNGUARDED_AVAILABILITY = YES_AGGRESSIVE;
				CLANG_WARN_UNREACHABLE_CODE = YES;
				CLANG_WARN__DUPLICATE_METHOD_MATCH = YES;
				COPY_PHASE_STRIP = NO;
				DEBUG_INFORMATION_FORMAT = dwarf;
				ENABLE_STRICT_OBJC_MSGSEND = YES;
				ENABLE_TESTABILITY = YES;
				GCC_C_LANGUAGE_STANDARD = gnu11;
				GCC_DYNAMIC_NO_PIC = NO;
				GCC_NO_COMMON_BLOCKS = YES;
				GCC_OPTIMIZATION_LEVEL = 0;
				GCC_PREPROCESSOR_DEFINITIONS = (
					"DEBUG=1",
					"$(inherited)",
				);
				GCC_WARN_64_TO_32_BIT_CONVERSION = YES;
				GCC_WARN_ABOUT_RETURN_TYPE = YES_ERROR;
				GCC_WARN_UNDECLARED_SELECTOR = YES;
				GCC_WARN_UNINITIALIZED_AUTOS = YES_AGGRESSIVE;
				GCC_WARN_UNUSED_FUNCTION = YES;
				GCC_WARN_UNUSED_VARIABLE = YES;
				IPHONEOS_DEPLOYMENT_TARGET = 16.2;
				MTL_ENABLE_DEBUG_INFO = INCLUDE_SOURCE;
				MTL_FAST_MATH = YES;
				ONLY_ACTIVE_ARCH = YES;
				SDKROOT = iphoneos;
				SWIFT_ACTIVE_COMPILATION_CONDITIONS = DEBUG;
				SWIFT_OPTIMIZATION_LEVEL = "-Onone";
			};
			name = Debug;
		};
		5682C1052997023F003E490D /* Release */ = {
			isa = XCBuildConfiguration;
			buildSettings = {
				ALWAYS_SEARCH_USER_PATHS = NO;
				CLANG_ANALYZER_NONNULL = YES;
				CLANG_ANALYZER_NUMBER_OBJECT_CONVERSION = YES_AGGRESSIVE;
				CLANG_CXX_LANGUAGE_STANDARD = "gnu++20";
				CLANG_ENABLE_MODULES = YES;
				CLANG_ENABLE_OBJC_ARC = YES;
				CLANG_ENABLE_OBJC_WEAK = YES;
				CLANG_WARN_BLOCK_CAPTURE_AUTORELEASING = YES;
				CLANG_WARN_BOOL_CONVERSION = YES;
				CLANG_WARN_COMMA = YES;
				CLANG_WARN_CONSTANT_CONVERSION = YES;
				CLANG_WARN_DEPRECATED_OBJC_IMPLEMENTATIONS = YES;
				CLANG_WARN_DIRECT_OBJC_ISA_USAGE = YES_ERROR;
				CLANG_WARN_DOCUMENTATION_COMMENTS = YES;
				CLANG_WARN_EMPTY_BODY = YES;
				CLANG_WARN_ENUM_CONVERSION = YES;
				CLANG_WARN_INFINITE_RECURSION = YES;
				CLANG_WARN_INT_CONVERSION = YES;
				CLANG_WARN_NON_LITERAL_NULL_CONVERSION = YES;
				CLANG_WARN_OBJC_IMPLICIT_RETAIN_SELF = YES;
				CLANG_WARN_OBJC_LITERAL_CONVERSION = YES;
				CLANG_WARN_OBJC_ROOT_CLASS = YES_ERROR;
				CLANG_WARN_QUOTED_INCLUDE_IN_FRAMEWORK_HEADER = YES;
				CLANG_WARN_RANGE_LOOP_ANALYSIS = YES;
				CLANG_WARN_STRICT_PROTOTYPES = YES;
				CLANG_WARN_SUSPICIOUS_MOVE = YES;
				CLANG_WARN_UNGUARDED_AVAILABILITY = YES_AGGRESSIVE;
				CLANG_WARN_UNREACHABLE_CODE = YES;
				CLANG_WARN__DUPLICATE_METHOD_MATCH = YES;
				COPY_PHASE_STRIP = NO;
				DEBUG_INFORMATION_FORMAT = "dwarf-with-dsym";
				ENABLE_NS_ASSERTIONS = NO;
				ENABLE_STRICT_OBJC_MSGSEND = YES;
				GCC_C_LANGUAGE_STANDARD = gnu11;
				GCC_NO_COMMON_BLOCKS = YES;
				GCC_WARN_64_TO_32_BIT_CONVERSION = YES;
				GCC_WARN_ABOUT_RETURN_TYPE = YES_ERROR;
				GCC_WARN_UNDECLARED_SELECTOR = YES;
				GCC_WARN_UNINITIALIZED_AUTOS = YES_AGGRESSIVE;
				GCC_WARN_UNUSED_FUNCTION = YES;
				GCC_WARN_UNUSED_VARIABLE = YES;
				IPHONEOS_DEPLOYMENT_TARGET = 16.2;
				MTL_ENABLE_DEBUG_INFO = NO;
				MTL_FAST_MATH = YES;
				SDKROOT = iphoneos;
				SWIFT_COMPILATION_MODE = wholemodule;
				SWIFT_OPTIMIZATION_LEVEL = "-O";
				VALIDATE_PRODUCT = YES;
			};
			name = Release;
		};
		5682C1072997023F003E490D /* Debug */ = {
			isa = XCBuildConfiguration;
			buildSettings = {
				ASSETCATALOG_COMPILER_APPICON_NAME = AppIcon;
				ASSETCATALOG_COMPILER_GLOBAL_ACCENT_COLOR_NAME = AccentColor;
				CODE_SIGN_STYLE = Automatic;
				CURRENT_PROJECT_VERSION = 1;
				DEVELOPMENT_ASSET_PATHS = "\"Cribbage Counter iOS/Preview Content\"";
				DEVELOPMENT_TEAM = P4PNCTT7XM;
				ENABLE_PREVIEWS = YES;
				GENERATE_INFOPLIST_FILE = YES;
				INFOPLIST_KEY_UIApplicationSceneManifest_Generation = YES;
				INFOPLIST_KEY_UIApplicationSupportsIndirectInputEvents = YES;
				INFOPLIST_KEY_UILaunchScreen_Generation = YES;
				INFOPLIST_KEY_UISupportedInterfaceOrientations_iPad = "UIInterfaceOrientationPortrait UIInterfaceOrientationPortraitUpsideDown UIInterfaceOrientationLandscapeLeft UIInterfaceOrientationLandscapeRight";
				INFOPLIST_KEY_UISupportedInterfaceOrientations_iPhone = "UIInterfaceOrientationPortrait UIInterfaceOrientationLandscapeLeft UIInterfaceOrientationLandscapeRight";
				LD_RUNPATH_SEARCH_PATHS = (
					"$(inherited)",
					"@executable_path/Frameworks",
				);
				MARKETING_VERSION = 1.0;
				PRODUCT_BUNDLE_IDENTIFIER = "Husayn-Esmail.Cribbage-Counter-iOS";
				PRODUCT_NAME = "$(TARGET_NAME)";
				SWIFT_EMIT_LOC_STRINGS = YES;
				SWIFT_VERSION = 5.0;
				TARGETED_DEVICE_FAMILY = "1,2";
			};
			name = Debug;
		};
		5682C1082997023F003E490D /* Release */ = {
			isa = XCBuildConfiguration;
			buildSettings = {
				ASSETCATALOG_COMPILER_APPICON_NAME = AppIcon;
				ASSETCATALOG_COMPILER_GLOBAL_ACCENT_COLOR_NAME = AccentColor;
				CODE_SIGN_STYLE = Automatic;
				CURRENT_PROJECT_VERSION = 1;
				DEVELOPMENT_ASSET_PATHS = "\"Cribbage Counter iOS/Preview Content\"";
				DEVELOPMENT_TEAM = P4PNCTT7XM;
				ENABLE_PREVIEWS = YES;
				GENERATE_INFOPLIST_FILE = YES;
				INFOPLIST_KEY_UIApplicationSceneManifest_Generation = YES;
				INFOPLIST_KEY_UIApplicationSupportsIndirectInputEvents = YES;
				INFOPLIST_KEY_UILaunchScreen_Generation = YES;
				INFOPLIST_KEY_UISupportedInterfaceOrientations_iPad = "UIInterfaceOrientationPortrait UIInterfaceOrientationPortraitUpsideDown UIInterfaceOrientationLandscapeLeft UIInterfaceOrientationLandscapeRight";
				INFOPLIST_KEY_UISupportedInterfaceOrientations_iPhone = "UIInterfaceOrientationPortrait UIInterfaceOrientationLandscapeLeft UIInterfaceOrientationLandscapeRight";
				LD_RUNPATH_SEARCH_PATHS = (
					"$(inherited)",
					"@executable_path/Frameworks",
				);
				MARKETING_VERSION = 1.0;
				PRODUCT_BUNDLE_IDENTIFIER = "Husayn-Esmail.Cribbage-Counter-iOS";
				PRODUCT_NAME = "$(TARGET_NAME)";
				SWIFT_EMIT_LOC_STRINGS = YES;
				SWIFT_VERSION = 5.0;
				TARGETED_DEVICE_FAMILY = "1,2";
			};
			name = Release;
		};
		5682C10A2997023F003E490D /* Debug */ = {
			isa = XCBuildConfiguration;
			buildSettings = {
				ALWAYS_EMBED_SWIFT_STANDARD_LIBRARIES = YES;
				BUNDLE_LOADER = "$(TEST_HOST)";
				CODE_SIGN_STYLE = Automatic;
				CURRENT_PROJECT_VERSION = 1;
				DEVELOPMENT_TEAM = P4PNCTT7XM;
				GENERATE_INFOPLIST_FILE = YES;
				IPHONEOS_DEPLOYMENT_TARGET = 16.2;
				MARKETING_VERSION = 1.0;
				PRODUCT_BUNDLE_IDENTIFIER = "Husayn-Esmail.Cribbage-Counter-iOSTests";
				PRODUCT_NAME = "$(TARGET_NAME)";
				SWIFT_EMIT_LOC_STRINGS = NO;
				SWIFT_VERSION = 5.0;
				TARGETED_DEVICE_FAMILY = "1,2";
				TEST_HOST = "$(BUILT_PRODUCTS_DIR)/Cribbage Counter iOS.app/$(BUNDLE_EXECUTABLE_FOLDER_PATH)/Cribbage Counter iOS";
			};
			name = Debug;
		};
		5682C10B2997023F003E490D /* Release */ = {
			isa = XCBuildConfiguration;
			buildSettings = {
				ALWAYS_EMBED_SWIFT_STANDARD_LIBRARIES = YES;
				BUNDLE_LOADER = "$(TEST_HOST)";
				CODE_SIGN_STYLE = Automatic;
				CURRENT_PROJECT_VERSION = 1;
				DEVELOPMENT_TEAM = P4PNCTT7XM;
				GENERATE_INFOPLIST_FILE = YES;
				IPHONEOS_DEPLOYMENT_TARGET = 16.2;
				MARKETING_VERSION = 1.0;
				PRODUCT_BUNDLE_IDENTIFIER = "Husayn-Esmail.Cribbage-Counter-iOSTests";
				PRODUCT_NAME = "$(TARGET_NAME)";
				SWIFT_EMIT_LOC_STRINGS = NO;
				SWIFT_VERSION = 5.0;
				TARGETED_DEVICE_FAMILY = "1,2";
				TEST_HOST = "$(BUILT_PRODUCTS_DIR)/Cribbage Counter iOS.app/$(BUNDLE_EXECUTABLE_FOLDER_PATH)/Cribbage Counter iOS";
			};
			name = Release;
		};
		5682C10D2997023F003E490D /* Debug */ = {
			isa = XCBuildConfiguration;
			buildSettings = {
				ALWAYS_EMBED_SWIFT_STANDARD_LIBRARIES = YES;
				CODE_SIGN_STYLE = Automatic;
				CURRENT_PROJECT_VERSION = 1;
				DEVELOPMENT_TEAM = P4PNCTT7XM;
				GENERATE_INFOPLIST_FILE = YES;
				MARKETING_VERSION = 1.0;
				PRODUCT_BUNDLE_IDENTIFIER = "Husayn-Esmail.Cribbage-Counter-iOSUITests";
				PRODUCT_NAME = "$(TARGET_NAME)";
				SWIFT_EMIT_LOC_STRINGS = NO;
				SWIFT_VERSION = 5.0;
				TARGETED_DEVICE_FAMILY = "1,2";
				TEST_TARGET_NAME = "Cribbage Counter iOS";
			};
			name = Debug;
		};
		5682C10E2997023F003E490D /* Release */ = {
			isa = XCBuildConfiguration;
			buildSettings = {
				ALWAYS_EMBED_SWIFT_STANDARD_LIBRARIES = YES;
				CODE_SIGN_STYLE = Automatic;
				CURRENT_PROJECT_VERSION = 1;
				DEVELOPMENT_TEAM = P4PNCTT7XM;
				GENERATE_INFOPLIST_FILE = YES;
				MARKETING_VERSION = 1.0;
				PRODUCT_BUNDLE_IDENTIFIER = "Husayn-Esmail.Cribbage-Counter-iOSUITests";
				PRODUCT_NAME = "$(TARGET_NAME)";
				SWIFT_EMIT_LOC_STRINGS = NO;
				SWIFT_VERSION = 5.0;
				TARGETED_DEVICE_FAMILY = "1,2";
				TEST_TARGET_NAME = "Cribbage Counter iOS";
			};
			name = Release;
		};
/* End XCBuildConfiguration section */

/* Begin XCConfigurationList section */
		5682C0DD2997023C003E490D /* Build configuration list for PBXProject "Cribbage Counter iOS" */ = {
			isa = XCConfigurationList;
			buildConfigurations = (
				5682C1042997023F003E490D /* Debug */,
				5682C1052997023F003E490D /* Release */,
			);
			defaultConfigurationIsVisible = 0;
			defaultConfigurationName = Release;
		};
		5682C1062997023F003E490D /* Build configuration list for PBXNativeTarget "Cribbage Counter iOS" */ = {
			isa = XCConfigurationList;
			buildConfigurations = (
				5682C1072997023F003E490D /* Debug */,
				5682C1082997023F003E490D /* Release */,
			);
			defaultConfigurationIsVisible = 0;
			defaultConfigurationName = Release;
		};
		5682C1092997023F003E490D /* Build configuration list for PBXNativeTarget "Cribbage Counter iOSTests" */ = {
			isa = XCConfigurationList;
			buildConfigurations = (
				5682C10A2997023F003E490D /* Debug */,
				5682C10B2997023F003E490D /* Release */,
			);
			defaultConfigurationIsVisible = 0;
			defaultConfigurationName = Release;
		};
		5682C10C2997023F003E490D /* Build configuration list for PBXNativeTarget "Cribbage Counter iOSUITests" */ = {
			isa = XCConfigurationList;
			buildConfigurations = (
				5682C10D2997023F003E490D /* Debug */,
				5682C10E2997023F003E490D /* Release */,
			);
			defaultConfigurationIsVisible = 0;
			defaultConfigurationName = Release;
		};
/* End XCConfigurationList section */
	};
	rootObject = 5682C0DA2997023C003E490D /* Project object */;
}
