// !$*UTF8*$!
{
	archiveVersion = 1;
	classes = {
	};
	objectVersion = 56;
	objects = {

/* Begin PBXBuildFile section */
		56787BAF2998427000B9CFB5 /* Cribbage_Counter_WatchOSApp.swift in Sources */ = {isa = PBXBuildFile; fileRef = 56787BAE2998427000B9CFB5 /* Cribbage_Counter_WatchOSApp.swift */; };
		56787BB12998427000B9CFB5 /* ContentView.swift in Sources */ = {isa = PBXBuildFile; fileRef = 56787BB02998427000B9CFB5 /* ContentView.swift */; };
		56787BB32998427200B9CFB5 /* Assets.xcassets in Resources */ = {isa = PBXBuildFile; fileRef = 56787BB22998427200B9CFB5 /* Assets.xcassets */; };
		56787BB62998427200B9CFB5 /* Preview Assets.xcassets in Resources */ = {isa = PBXBuildFile; fileRef = 56787BB52998427200B9CFB5 /* Preview Assets.xcassets */; };
		56787BC02998427200B9CFB5 /* Cribbage_Counter_WatchOS_Watch_AppTests.swift in Sources */ = {isa = PBXBuildFile; fileRef = 56787BBF2998427200B9CFB5 /* Cribbage_Counter_WatchOS_Watch_AppTests.swift */; };
		56787BCA2998427300B9CFB5 /* Cribbage_Counter_WatchOS_Watch_AppUITests.swift in Sources */ = {isa = PBXBuildFile; fileRef = 56787BC92998427300B9CFB5 /* Cribbage_Counter_WatchOS_Watch_AppUITests.swift */; };
		56787BCC2998427300B9CFB5 /* Cribbage_Counter_WatchOS_Watch_AppUITestsLaunchTests.swift in Sources */ = {isa = PBXBuildFile; fileRef = 56787BCB2998427300B9CFB5 /* Cribbage_Counter_WatchOS_Watch_AppUITestsLaunchTests.swift */; };
		56787BCF2998427300B9CFB5 /* Cribbage Counter WatchOS Watch App.app in Embed Watch Content */ = {isa = PBXBuildFile; fileRef = 56787BAC2998427000B9CFB5 /* Cribbage Counter WatchOS Watch App.app */; settings = {ATTRIBUTES = (RemoveHeadersOnCopy, ); }; };
		56787BDB2998430A00B9CFB5 /* GameModeView.swift in Sources */ = {isa = PBXBuildFile; fileRef = 56787BDA2998430A00B9CFB5 /* GameModeView.swift */; };
		56787BDD2998432F00B9CFB5 /* 121PointView.swift in Sources */ = {isa = PBXBuildFile; fileRef = 56787BDC2998432F00B9CFB5 /* 121PointView.swift */; };
		56787BDF2998436D00B9CFB5 /* 61PointView.swift in Sources */ = {isa = PBXBuildFile; fileRef = 56787BDE2998436D00B9CFB5 /* 61PointView.swift */; };
		56787BE12998439500B9CFB5 /* BlueWinsView.swift in Sources */ = {isa = PBXBuildFile; fileRef = 56787BE02998439500B9CFB5 /* BlueWinsView.swift */; };
		56787BE3299843AB00B9CFB5 /* RedWinsView.swift in Sources */ = {isa = PBXBuildFile; fileRef = 56787BE2299843AB00B9CFB5 /* RedWinsView.swift */; };
		56787BE5299843C300B9CFB5 /* ResetConfirmationView.swift in Sources */ = {isa = PBXBuildFile; fileRef = 56787BE4299843C300B9CFB5 /* ResetConfirmationView.swift */; };
		5682C0E62997023C003E490D /* Cribbage_Counter_iOSApp.swift in Sources */ = {isa = PBXBuildFile; fileRef = 5682C0E52997023C003E490D /* Cribbage_Counter_iOSApp.swift */; };
		5682C0E82997023C003E490D /* ContentView.swift in Sources */ = {isa = PBXBuildFile; fileRef = 5682C0E72997023C003E490D /* ContentView.swift */; };
		5682C0EA2997023E003E490D /* Assets.xcassets in Resources */ = {isa = PBXBuildFile; fileRef = 5682C0E92997023E003E490D /* Assets.xcassets */; };
		5682C0ED2997023E003E490D /* Preview Assets.xcassets in Resources */ = {isa = PBXBuildFile; fileRef = 5682C0EC2997023E003E490D /* Preview Assets.xcassets */; };
		5682C0F72997023E003E490D /* Cribbage_Counter_iOSTests.swift in Sources */ = {isa = PBXBuildFile; fileRef = 5682C0F62997023E003E490D /* Cribbage_Counter_iOSTests.swift */; };
		5682C1012997023F003E490D /* Cribbage_Counter_iOSUITests.swift in Sources */ = {isa = PBXBuildFile; fileRef = 5682C1002997023F003E490D /* Cribbage_Counter_iOSUITests.swift */; };
		5682C1032997023F003E490D /* Cribbage_Counter_iOSUITestsLaunchTests.swift in Sources */ = {isa = PBXBuildFile; fileRef = 5682C1022997023F003E490D /* Cribbage_Counter_iOSUITestsLaunchTests.swift */; };
		5699CE3B2997241800DBEA85 /* GameView.swift in Sources */ = {isa = PBXBuildFile; fileRef = 5699CE3A2997241800DBEA85 /* GameView.swift */; };
/* End PBXBuildFile section */

/* Begin PBXContainerItemProxy section */
		56787BBC2998427200B9CFB5 /* PBXContainerItemProxy */ = {
			isa = PBXContainerItemProxy;
			containerPortal = 5682C0DA2997023C003E490D /* Project object */;
			proxyType = 1;
			remoteGlobalIDString = 56787BAB2998427000B9CFB5;
			remoteInfo = "Cribbage Counter WatchOS Watch App";
		};
		56787BC62998427200B9CFB5 /* PBXContainerItemProxy */ = {
			isa = PBXContainerItemProxy;
			containerPortal = 5682C0DA2997023C003E490D /* Project object */;
			proxyType = 1;
			remoteGlobalIDString = 56787BAB2998427000B9CFB5;
			remoteInfo = "Cribbage Counter WatchOS Watch App";
		};
		56787BCD2998427300B9CFB5 /* PBXContainerItemProxy */ = {
			isa = PBXContainerItemProxy;
			containerPortal = 5682C0DA2997023C003E490D /* Project object */;
			proxyType = 1;
			remoteGlobalIDString = 56787BAB2998427000B9CFB5;
			remoteInfo = "Cribbage Counter WatchOS Watch App";
		};
		5682C0F32997023E003E490D /* PBXContainerItemProxy */ = {
			isa = PBXContainerItemProxy;
			containerPortal = 5682C0DA2997023C003E490D /* Project object */;
			proxyType = 1;
			remoteGlobalIDString = 5682C0E12997023C003E490D;
			remoteInfo = "Cribbage Counter iOS";
		};
		5682C0FD2997023F003E490D /* PBXContainerItemProxy */ = {
			isa = PBXContainerItemProxy;
			containerPortal = 5682C0DA2997023C003E490D /* Project object */;
			proxyType = 1;
			remoteGlobalIDString = 5682C0E12997023C003E490D;
			remoteInfo = "Cribbage Counter iOS";
		};
/* End PBXContainerItemProxy section */

/* Begin PBXCopyFilesBuildPhase section */
		56787BD02998427300B9CFB5 /* Embed Watch Content */ = {
			isa = PBXCopyFilesBuildPhase;
			buildActionMask = 2147483647;
			dstPath = "$(CONTENTS_FOLDER_PATH)/Watch";
			dstSubfolderSpec = 16;
			files = (
				56787BCF2998427300B9CFB5 /* Cribbage Counter WatchOS Watch App.app in Embed Watch Content */,
			);
			name = "Embed Watch Content";
			runOnlyForDeploymentPostprocessing = 0;
		};
/* End PBXCopyFilesBuildPhase section */

/* Begin PBXFileReference section */
		56787BAC2998427000B9CFB5 /* Cribbage Counter WatchOS Watch App.app */ = {isa = PBXFileReference; explicitFileType = wrapper.application; includeInIndex = 0; path = "Cribbage Counter WatchOS Watch App.app"; sourceTree = BUILT_PRODUCTS_DIR; };
		56787BAE2998427000B9CFB5 /* Cribbage_Counter_WatchOSApp.swift */ = {isa = PBXFileReference; lastKnownFileType = sourcecode.swift; path = Cribbage_Counter_WatchOSApp.swift; sourceTree = "<group>"; };
		56787BB02998427000B9CFB5 /* ContentView.swift */ = {isa = PBXFileReference; lastKnownFileType = sourcecode.swift; path = ContentView.swift; sourceTree = "<group>"; };
		56787BB22998427200B9CFB5 /* Assets.xcassets */ = {isa = PBXFileReference; lastKnownFileType = folder.assetcatalog; path = Assets.xcassets; sourceTree = "<group>"; };
		56787BB52998427200B9CFB5 /* Preview Assets.xcassets */ = {isa = PBXFileReference; lastKnownFileType = folder.assetcatalog; path = "Preview Assets.xcassets"; sourceTree = "<group>"; };
		56787BBB2998427200B9CFB5 /* Cribbage Counter WatchOS Watch AppTests.xctest */ = {isa = PBXFileReference; explicitFileType = wrapper.cfbundle; includeInIndex = 0; path = "Cribbage Counter WatchOS Watch AppTests.xctest"; sourceTree = BUILT_PRODUCTS_DIR; };
		56787BBF2998427200B9CFB5 /* Cribbage_Counter_WatchOS_Watch_AppTests.swift */ = {isa = PBXFileReference; lastKnownFileType = sourcecode.swift; path = Cribbage_Counter_WatchOS_Watch_AppTests.swift; sourceTree = "<group>"; };
		56787BC52998427200B9CFB5 /* Cribbage Counter WatchOS Watch AppUITests.xctest */ = {isa = PBXFileReference; explicitFileType = wrapper.cfbundle; includeInIndex = 0; path = "Cribbage Counter WatchOS Watch AppUITests.xctest"; sourceTree = BUILT_PRODUCTS_DIR; };
		56787BC92998427300B9CFB5 /* Cribbage_Counter_WatchOS_Watch_AppUITests.swift */ = {isa = PBXFileReference; lastKnownFileType = sourcecode.swift; path = Cribbage_Counter_WatchOS_Watch_AppUITests.swift; sourceTree = "<group>"; };
		56787BCB2998427300B9CFB5 /* Cribbage_Counter_WatchOS_Watch_AppUITestsLaunchTests.swift */ = {isa = PBXFileReference; lastKnownFileType = sourcecode.swift; path = Cribbage_Counter_WatchOS_Watch_AppUITestsLaunchTests.swift; sourceTree = "<group>"; };
		56787BDA2998430A00B9CFB5 /* GameModeView.swift */ = {isa = PBXFileReference; lastKnownFileType = sourcecode.swift; path = GameModeView.swift; sourceTree = "<group>"; };
		56787BDC2998432F00B9CFB5 /* 121PointView.swift */ = {isa = PBXFileReference; lastKnownFileType = sourcecode.swift; path = 121PointView.swift; sourceTree = "<group>"; };
		56787BDE2998436D00B9CFB5 /* 61PointView.swift */ = {isa = PBXFileReference; lastKnownFileType = sourcecode.swift; path = 61PointView.swift; sourceTree = "<group>"; };
		56787BE02998439500B9CFB5 /* BlueWinsView.swift */ = {isa = PBXFileReference; lastKnownFileType = sourcecode.swift; path = BlueWinsView.swift; sourceTree = "<group>"; };
		56787BE2299843AB00B9CFB5 /* RedWinsView.swift */ = {isa = PBXFileReference; lastKnownFileType = sourcecode.swift; path = RedWinsView.swift; sourceTree = "<group>"; };
		56787BE4299843C300B9CFB5 /* ResetConfirmationView.swift */ = {isa = PBXFileReference; lastKnownFileType = sourcecode.swift; path = ResetConfirmationView.swift; sourceTree = "<group>"; };
		5682C0E22997023C003E490D /* Cribbage Counter iOS.app */ = {isa = PBXFileReference; explicitFileType = wrapper.application; includeInIndex = 0; path = "Cribbage Counter iOS.app"; sourceTree = BUILT_PRODUCTS_DIR; };
		5682C0E52997023C003E490D /* Cribbage_Counter_iOSApp.swift */ = {isa = PBXFileReference; lastKnownFileType = sourcecode.swift; path = Cribbage_Counter_iOSApp.swift; sourceTree = "<group>"; };
		5682C0E72997023C003E490D /* ContentView.swift */ = {isa = PBXFileReference; lastKnownFileType = sourcecode.swift; path = ContentView.swift; sourceTree = "<group>"; };
		5682C0E92997023E003E490D /* Assets.xcassets */ = {isa = PBXFileReference; lastKnownFileType = folder.assetcatalog; path = Assets.xcassets; sourceTree = "<group>"; };
		5682C0EC2997023E003E490D /* Preview Assets.xcassets */ = {isa = PBXFileReference; lastKnownFileType = folder.assetcatalog; path = "Preview Assets.xcassets"; sourceTree = "<group>"; };
		5682C0F22997023E003E490D /* Cribbage Counter iOSTests.xctest */ = {isa = PBXFileReference; explicitFileType = wrapper.cfbundle; includeInIndex = 0; path = "Cribbage Counter iOSTests.xctest"; sourceTree = BUILT_PRODUCTS_DIR; };
		5682C0F62997023E003E490D /* Cribbage_Counter_iOSTests.swift */ = {isa = PBXFileReference; lastKnownFileType = sourcecode.swift; path = Cribbage_Counter_iOSTests.swift; sourceTree = "<group>"; };
		5682C0FC2997023E003E490D /* Cribbage Counter iOSUITests.xctest */ = {isa = PBXFileReference; explicitFileType = wrapper.cfbundle; includeInIndex = 0; path = "Cribbage Counter iOSUITests.xctest"; sourceTree = BUILT_PRODUCTS_DIR; };
		5682C1002997023F003E490D /* Cribbage_Counter_iOSUITests.swift */ = {isa = PBXFileReference; lastKnownFileType = sourcecode.swift; path = Cribbage_Counter_iOSUITests.swift; sourceTree = "<group>"; };
		5682C1022997023F003E490D /* Cribbage_Counter_iOSUITestsLaunchTests.swift */ = {isa = PBXFileReference; lastKnownFileType = sourcecode.swift; path = Cribbage_Counter_iOSUITestsLaunchTests.swift; sourceTree = "<group>"; };
		5699CE3A2997241800DBEA85 /* GameView.swift */ = {isa = PBXFileReference; lastKnownFileType = sourcecode.swift; path = GameView.swift; sourceTree = "<group>"; };
/* End PBXFileReference section */

/* Begin PBXFrameworksBuildPhase section */
		56787BA92998427000B9CFB5 /* Frameworks */ = {
			isa = PBXFrameworksBuildPhase;
			buildActionMask = 2147483647;
			files = (
			);
			runOnlyForDeploymentPostprocessing = 0;
		};
		56787BB82998427200B9CFB5 /* Frameworks */ = {
			isa = PBXFrameworksBuildPhase;
			buildActionMask = 2147483647;
			files = (
			);
			runOnlyForDeploymentPostprocessing = 0;
		};
		56787BC22998427200B9CFB5 /* Frameworks */ = {
			isa = PBXFrameworksBuildPhase;
			buildActionMask = 2147483647;
			files = (
			);
			runOnlyForDeploymentPostprocessing = 0;
		};
		5682C0DF2997023C003E490D /* Frameworks */ = {
			isa = PBXFrameworksBuildPhase;
			buildActionMask = 2147483647;
			files = (
			);
			runOnlyForDeploymentPostprocessing = 0;
		};
		5682C0EF2997023E003E490D /* Frameworks */ = {
			isa = PBXFrameworksBuildPhase;
			buildActionMask = 2147483647;
			files = (
			);
			runOnlyForDeploymentPostprocessing = 0;
		};
		5682C0F92997023E003E490D /* Frameworks */ = {
			isa = PBXFrameworksBuildPhase;
			buildActionMask = 2147483647;
			files = (
			);
			runOnlyForDeploymentPostprocessing = 0;
		};
/* End PBXFrameworksBuildPhase section */

/* Begin PBXGroup section */
		56787BAD2998427000B9CFB5 /* Cribbage Counter WatchOS Watch App */ = {
			isa = PBXGroup;
			children = (
				56787BAE2998427000B9CFB5 /* Cribbage_Counter_WatchOSApp.swift */,
				56787BB02998427000B9CFB5 /* ContentView.swift */,
				56787BDA2998430A00B9CFB5 /* GameModeView.swift */,
				56787BDC2998432F00B9CFB5 /* 121PointView.swift */,
				56787BDE2998436D00B9CFB5 /* 61PointView.swift */,
				56787BE02998439500B9CFB5 /* BlueWinsView.swift */,
				56787BE2299843AB00B9CFB5 /* RedWinsView.swift */,
				56787BE4299843C300B9CFB5 /* ResetConfirmationView.swift */,
				56787BB22998427200B9CFB5 /* Assets.xcassets */,
				56787BB42998427200B9CFB5 /* Preview Content */,
			);
			path = "Cribbage Counter WatchOS Watch App";
			sourceTree = "<group>";
		};
		56787BB42998427200B9CFB5 /* Preview Content */ = {
			isa = PBXGroup;
			children = (
				56787BB52998427200B9CFB5 /* Preview Assets.xcassets */,
			);
			path = "Preview Content";
			sourceTree = "<group>";
		};
		56787BBE2998427200B9CFB5 /* Cribbage Counter WatchOS Watch AppTests */ = {
			isa = PBXGroup;
			children = (
				56787BBF2998427200B9CFB5 /* Cribbage_Counter_WatchOS_Watch_AppTests.swift */,
			);
			path = "Cribbage Counter WatchOS Watch AppTests";
			sourceTree = "<group>";
		};
		56787BC82998427300B9CFB5 /* Cribbage Counter WatchOS Watch AppUITests */ = {
			isa = PBXGroup;
			children = (
				56787BC92998427300B9CFB5 /* Cribbage_Counter_WatchOS_Watch_AppUITests.swift */,
				56787BCB2998427300B9CFB5 /* Cribbage_Counter_WatchOS_Watch_AppUITestsLaunchTests.swift */,
			);
			path = "Cribbage Counter WatchOS Watch AppUITests";
			sourceTree = "<group>";
		};
		5682C0D92997023C003E490D = {
			isa = PBXGroup;
			children = (
				5682C0E42997023C003E490D /* Cribbage Counter iOS */,
				5682C0F52997023E003E490D /* Cribbage Counter iOSTests */,
				5682C0FF2997023F003E490D /* Cribbage Counter iOSUITests */,
				56787BAD2998427000B9CFB5 /* Cribbage Counter WatchOS Watch App */,
				56787BBE2998427200B9CFB5 /* Cribbage Counter WatchOS Watch AppTests */,
				56787BC82998427300B9CFB5 /* Cribbage Counter WatchOS Watch AppUITests */,
				5682C0E32997023C003E490D /* Products */,
			);
			sourceTree = "<group>";
		};
		5682C0E32997023C003E490D /* Products */ = {
			isa = PBXGroup;
			children = (
				5682C0E22997023C003E490D /* Cribbage Counter iOS.app */,
				5682C0F22997023E003E490D /* Cribbage Counter iOSTests.xctest */,
				5682C0FC2997023E003E490D /* Cribbage Counter iOSUITests.xctest */,
				56787BAC2998427000B9CFB5 /* Cribbage Counter WatchOS Watch App.app */,
				56787BBB2998427200B9CFB5 /* Cribbage Counter WatchOS Watch AppTests.xctest */,
				56787BC52998427200B9CFB5 /* Cribbage Counter WatchOS Watch AppUITests.xctest */,
			);
			name = Products;
			sourceTree = "<group>";
		};
		5682C0E42997023C003E490D /* Cribbage Counter iOS */ = {
			isa = PBXGroup;
			children = (
				5682C0E52997023C003E490D /* Cribbage_Counter_iOSApp.swift */,
				5682C0E72997023C003E490D /* ContentView.swift */,
				5699CE3A2997241800DBEA85 /* GameView.swift */,
				5682C0E92997023E003E490D /* Assets.xcassets */,
				5682C0EB2997023E003E490D /* Preview Content */,
			);
			path = "Cribbage Counter iOS";
			sourceTree = "<group>";
		};
		5682C0EB2997023E003E490D /* Preview Content */ = {
			isa = PBXGroup;
			children = (
				5682C0EC2997023E003E490D /* Preview Assets.xcassets */,
			);
			path = "Preview Content";
			sourceTree = "<group>";
		};
		5682C0F52997023E003E490D /* Cribbage Counter iOSTests */ = {
			isa = PBXGroup;
			children = (
				5682C0F62997023E003E490D /* Cribbage_Counter_iOSTests.swift */,
			);
			path = "Cribbage Counter iOSTests";
			sourceTree = "<group>";
		};
		5682C0FF2997023F003E490D /* Cribbage Counter iOSUITests */ = {
			isa = PBXGroup;
			children = (
				5682C1002997023F003E490D /* Cribbage_Counter_iOSUITests.swift */,
				5682C1022997023F003E490D /* Cribbage_Counter_iOSUITestsLaunchTests.swift */,
			);
			path = "Cribbage Counter iOSUITests";
			sourceTree = "<group>";
		};
/* End PBXGroup section */

/* Begin PBXNativeTarget section */
		56787BAB2998427000B9CFB5 /* Cribbage Counter WatchOS Watch App */ = {
			isa = PBXNativeTarget;
			buildConfigurationList = 56787BD72998427300B9CFB5 /* Build configuration list for PBXNativeTarget "Cribbage Counter WatchOS Watch App" */;
			buildPhases = (
				56787BA82998427000B9CFB5 /* Sources */,
				56787BA92998427000B9CFB5 /* Frameworks */,
				56787BAA2998427000B9CFB5 /* Resources */,
			);
			buildRules = (
			);
			dependencies = (
			);
			name = "Cribbage Counter WatchOS Watch App";
			productName = "Cribbage Counter WatchOS Watch App";
			productReference = 56787BAC2998427000B9CFB5 /* Cribbage Counter WatchOS Watch App.app */;
			productType = "com.apple.product-type.application";
		};
		56787BBA2998427200B9CFB5 /* Cribbage Counter WatchOS Watch AppTests */ = {
			isa = PBXNativeTarget;
			buildConfigurationList = 56787BD82998427300B9CFB5 /* Build configuration list for PBXNativeTarget "Cribbage Counter WatchOS Watch AppTests" */;
			buildPhases = (
				56787BB72998427200B9CFB5 /* Sources */,
				56787BB82998427200B9CFB5 /* Frameworks */,
				56787BB92998427200B9CFB5 /* Resources */,
			);
			buildRules = (
			);
			dependencies = (
				56787BBD2998427200B9CFB5 /* PBXTargetDependency */,
			);
			name = "Cribbage Counter WatchOS Watch AppTests";
			productName = "Cribbage Counter WatchOS Watch AppTests";
			productReference = 56787BBB2998427200B9CFB5 /* Cribbage Counter WatchOS Watch AppTests.xctest */;
			productType = "com.apple.product-type.bundle.unit-test";
		};
		56787BC42998427200B9CFB5 /* Cribbage Counter WatchOS Watch AppUITests */ = {
			isa = PBXNativeTarget;
			buildConfigurationList = 56787BD92998427300B9CFB5 /* Build configuration list for PBXNativeTarget "Cribbage Counter WatchOS Watch AppUITests" */;
			buildPhases = (
				56787BC12998427200B9CFB5 /* Sources */,
				56787BC22998427200B9CFB5 /* Frameworks */,
				56787BC32998427200B9CFB5 /* Resources */,
			);
			buildRules = (
			);
			dependencies = (
				56787BC72998427200B9CFB5 /* PBXTargetDependency */,
			);
			name = "Cribbage Counter WatchOS Watch AppUITests";
			productName = "Cribbage Counter WatchOS Watch AppUITests";
			productReference = 56787BC52998427200B9CFB5 /* Cribbage Counter WatchOS Watch AppUITests.xctest */;
			productType = "com.apple.product-type.bundle.ui-testing";
		};
		5682C0E12997023C003E490D /* Cribbage Counter iOS */ = {
			isa = PBXNativeTarget;
			buildConfigurationList = 5682C1062997023F003E490D /* Build configuration list for PBXNativeTarget "Cribbage Counter iOS" */;
			buildPhases = (
				5682C0DE2997023C003E490D /* Sources */,
				5682C0DF2997023C003E490D /* Frameworks */,
				5682C0E02997023C003E490D /* Resources */,
				56787BD02998427300B9CFB5 /* Embed Watch Content */,
			);
			buildRules = (
			);
			dependencies = (
				56787BCE2998427300B9CFB5 /* PBXTargetDependency */,
			);
			name = "Cribbage Counter iOS";
			productName = "Cribbage Counter iOS";
			productReference = 5682C0E22997023C003E490D /* Cribbage Counter iOS.app */;
			productType = "com.apple.product-type.application";
		};
		5682C0F12997023E003E490D /* Cribbage Counter iOSTests */ = {
			isa = PBXNativeTarget;
			buildConfigurationList = 5682C1092997023F003E490D /* Build configuration list for PBXNativeTarget "Cribbage Counter iOSTests" */;
			buildPhases = (
				5682C0EE2997023E003E490D /* Sources */,
				5682C0EF2997023E003E490D /* Frameworks */,
				5682C0F02997023E003E490D /* Resources */,
			);
			buildRules = (
			);
			dependencies = (
				5682C0F42997023E003E490D /* PBXTargetDependency */,
			);
			name = "Cribbage Counter iOSTests";
			productName = "Cribbage Counter iOSTests";
			productReference = 5682C0F22997023E003E490D /* Cribbage Counter iOSTests.xctest */;
			productType = "com.apple.product-type.bundle.unit-test";
		};
		5682C0FB2997023E003E490D /* Cribbage Counter iOSUITests */ = {
			isa = PBXNativeTarget;
			buildConfigurationList = 5682C10C2997023F003E490D /* Build configuration list for PBXNativeTarget "Cribbage Counter iOSUITests" */;
			buildPhases = (
				5682C0F82997023E003E490D /* Sources */,
				5682C0F92997023E003E490D /* Frameworks */,
				5682C0FA2997023E003E490D /* Resources */,
			);
			buildRules = (
			);
			dependencies = (
				5682C0FE2997023F003E490D /* PBXTargetDependency */,
			);
			name = "Cribbage Counter iOSUITests";
			productName = "Cribbage Counter iOSUITests";
			productReference = 5682C0FC2997023E003E490D /* Cribbage Counter iOSUITests.xctest */;
			productType = "com.apple.product-type.bundle.ui-testing";
		};
/* End PBXNativeTarget section */

/* Begin PBXProject section */
		5682C0DA2997023C003E490D /* Project object */ = {
			isa = PBXProject;
			attributes = {
				BuildIndependentTargetsInParallel = 1;
				LastSwiftUpdateCheck = 1420;
				LastUpgradeCheck = 1420;
				TargetAttributes = {
					56787BAB2998427000B9CFB5 = {
						CreatedOnToolsVersion = 14.2;
					};
					56787BBA2998427200B9CFB5 = {
						CreatedOnToolsVersion = 14.2;
						TestTargetID = 56787BAB2998427000B9CFB5;
					};
					56787BC42998427200B9CFB5 = {
						CreatedOnToolsVersion = 14.2;
						TestTargetID = 56787BAB2998427000B9CFB5;
					};
					5682C0E12997023C003E490D = {
						CreatedOnToolsVersion = 14.2;
					};
					5682C0F12997023E003E490D = {
						CreatedOnToolsVersion = 14.2;
						TestTargetID = 5682C0E12997023C003E490D;
					};
					5682C0FB2997023E003E490D = {
						CreatedOnToolsVersion = 14.2;
						TestTargetID = 5682C0E12997023C003E490D;
					};
				};
			};
			buildConfigurationList = 5682C0DD2997023C003E490D /* Build configuration list for PBXProject "Cribbage Counter iOS" */;
			compatibilityVersion = "Xcode 14.0";
			developmentRegion = en;
			hasScannedForEncodings = 0;
			knownRegions = (
				en,
				Base,
			);
			mainGroup = 5682C0D92997023C003E490D;
			productRefGroup = 5682C0E32997023C003E490D /* Products */;
			projectDirPath = "";
			projectRoot = "";
			targets = (
				5682C0E12997023C003E490D /* Cribbage Counter iOS */,
				5682C0F12997023E003E490D /* Cribbage Counter iOSTests */,
				5682C0FB2997023E003E490D /* Cribbage Counter iOSUITests */,
				56787BAB2998427000B9CFB5 /* Cribbage Counter WatchOS Watch App */,
				56787BBA2998427200B9CFB5 /* Cribbage Counter WatchOS Watch AppTests */,
				56787BC42998427200B9CFB5 /* Cribbage Counter WatchOS Watch AppUITests */,
			);
		};
/* End PBXProject section */

/* Begin PBXResourcesBuildPhase section */
		56787BAA2998427000B9CFB5 /* Resources */ = {
			isa = PBXResourcesBuildPhase;
			buildActionMask = 2147483647;
			files = (
				56787BB62998427200B9CFB5 /* Preview Assets.xcassets in Resources */,
				56787BB32998427200B9CFB5 /* Assets.xcassets in Resources */,
			);
			runOnlyForDeploymentPostprocessing = 0;
		};
		56787BB92998427200B9CFB5 /* Resources */ = {
			isa = PBXResourcesBuildPhase;
			buildActionMask = 2147483647;
			files = (
			);
			runOnlyForDeploymentPostprocessing = 0;
		};
		56787BC32998427200B9CFB5 /* Resources */ = {
			isa = PBXResourcesBuildPhase;
			buildActionMask = 2147483647;
			files = (
			);
			runOnlyForDeploymentPostprocessing = 0;
		};
		5682C0E02997023C003E490D /* Resources */ = {
			isa = PBXResourcesBuildPhase;
			buildActionMask = 2147483647;
			files = (
				5682C0ED2997023E003E490D /* Preview Assets.xcassets in Resources */,
				5682C0EA2997023E003E490D /* Assets.xcassets in Resources */,
			);
			runOnlyForDeploymentPostprocessing = 0;
		};
		5682C0F02997023E003E490D /* Resources */ = {
			isa = PBXResourcesBuildPhase;
			buildActionMask = 2147483647;
			files = (
			);
			runOnlyForDeploymentPostprocessing = 0;
		};
		5682C0FA2997023E003E490D /* Resources */ = {
			isa = PBXResourcesBuildPhase;
			buildActionMask = 2147483647;
			files = (
			);
			runOnlyForDeploymentPostprocessing = 0;
		};
/* End PBXResourcesBuildPhase section */

/* Begin PBXSourcesBuildPhase section */
		56787BA82998427000B9CFB5 /* Sources */ = {
			isa = PBXSourcesBuildPhase;
			buildActionMask = 2147483647;
			files = (
				56787BDB2998430A00B9CFB5 /* GameModeView.swift in Sources */,
				56787BB12998427000B9CFB5 /* ContentView.swift in Sources */,
				56787BE3299843AB00B9CFB5 /* RedWinsView.swift in Sources */,
				56787BDD2998432F00B9CFB5 /* 121PointView.swift in Sources */,
				56787BE12998439500B9CFB5 /* BlueWinsView.swift in Sources */,
				56787BE5299843C300B9CFB5 /* ResetConfirmationView.swift in Sources */,
				56787BDF2998436D00B9CFB5 /* 61PointView.swift in Sources */,
				56787BAF2998427000B9CFB5 /* Cribbage_Counter_WatchOSApp.swift in Sources */,
			);
			runOnlyForDeploymentPostprocessing = 0;
		};
		56787BB72998427200B9CFB5 /* Sources */ = {
			isa = PBXSourcesBuildPhase;
			buildActionMask = 2147483647;
			files = (
				56787BC02998427200B9CFB5 /* Cribbage_Counter_WatchOS_Watch_AppTests.swift in Sources */,
			);
			runOnlyForDeploymentPostprocessing = 0;
		};
		56787BC12998427200B9CFB5 /* Sources */ = {
			isa = PBXSourcesBuildPhase;
			buildActionMask = 2147483647;
			files = (
				56787BCC2998427300B9CFB5 /* Cribbage_Counter_WatchOS_Watch_AppUITestsLaunchTests.swift in Sources */,
				56787BCA2998427300B9CFB5 /* Cribbage_Counter_WatchOS_Watch_AppUITests.swift in Sources */,
			);
			runOnlyForDeploymentPostprocessing = 0;
		};
		5682C0DE2997023C003E490D /* Sources */ = {
			isa = PBXSourcesBuildPhase;
			buildActionMask = 2147483647;
			files = (
				5682C0E82997023C003E490D /* ContentView.swift in Sources */,
				5699CE3B2997241800DBEA85 /* GameView.swift in Sources */,
				5682C0E62997023C003E490D /* Cribbage_Counter_iOSApp.swift in Sources */,
			);
			runOnlyForDeploymentPostprocessing = 0;
		};
		5682C0EE2997023E003E490D /* Sources */ = {
			isa = PBXSourcesBuildPhase;
			buildActionMask = 2147483647;
			files = (
				5682C0F72997023E003E490D /* Cribbage_Counter_iOSTests.swift in Sources */,
			);
			runOnlyForDeploymentPostprocessing = 0;
		};
		5682C0F82997023E003E490D /* Sources */ = {
			isa = PBXSourcesBuildPhase;
			buildActionMask = 2147483647;
			files = (
				5682C1032997023F003E490D /* Cribbage_Counter_iOSUITestsLaunchTests.swift in Sources */,
				5682C1012997023F003E490D /* Cribbage_Counter_iOSUITests.swift in Sources */,
			);
			runOnlyForDeploymentPostprocessing = 0;
		};
/* End PBXSourcesBuildPhase section */

/* Begin PBXTargetDependency section */
		56787BBD2998427200B9CFB5 /* PBXTargetDependency */ = {
			isa = PBXTargetDependency;
			target = 56787BAB2998427000B9CFB5 /* Cribbage Counter WatchOS Watch App */;
			targetProxy = 56787BBC2998427200B9CFB5 /* PBXContainerItemProxy */;
		};
		56787BC72998427200B9CFB5 /* PBXTargetDependency */ = {
			isa = PBXTargetDependency;
			target = 56787BAB2998427000B9CFB5 /* Cribbage Counter WatchOS Watch App */;
			targetProxy = 56787BC62998427200B9CFB5 /* PBXContainerItemProxy */;
		};
		56787BCE2998427300B9CFB5 /* PBXTargetDependency */ = {
			isa = PBXTargetDependency;
			target = 56787BAB2998427000B9CFB5 /* Cribbage Counter WatchOS Watch App */;
			targetProxy = 56787BCD2998427300B9CFB5 /* PBXContainerItemProxy */;
		};
		5682C0F42997023E003E490D /* PBXTargetDependency */ = {
			isa = PBXTargetDependency;
			target = 5682C0E12997023C003E490D /* Cribbage Counter iOS */;
			targetProxy = 5682C0F32997023E003E490D /* PBXContainerItemProxy */;
		};
		5682C0FE2997023F003E490D /* PBXTargetDependency */ = {
			isa = PBXTargetDependency;
			target = 5682C0E12997023C003E490D /* Cribbage Counter iOS */;
			targetProxy = 5682C0FD2997023F003E490D /* PBXContainerItemProxy */;
		};
/* End PBXTargetDependency section */

/* Begin XCBuildConfiguration section */
		56787BD12998427300B9CFB5 /* Debug */ = {
			isa = XCBuildConfiguration;
			buildSettings = {
				ASSETCATALOG_COMPILER_APPICON_NAME = AppIcon;
				ASSETCATALOG_COMPILER_GLOBAL_ACCENT_COLOR_NAME = AccentColor;
				CODE_SIGN_STYLE = Automatic;
				CURRENT_PROJECT_VERSION = 1;
				DEVELOPMENT_ASSET_PATHS = "\"Cribbage Counter WatchOS Watch App/Preview Content\"";
				DEVELOPMENT_TEAM = P4PNCTT7XM;
				ENABLE_PREVIEWS = YES;
				GENERATE_INFOPLIST_FILE = YES;
				INFOPLIST_KEY_CFBundleDisplayName = "Cribbage Counter WatchOS";
				INFOPLIST_KEY_UISupportedInterfaceOrientations = "UIInterfaceOrientationPortrait UIInterfaceOrientationPortraitUpsideDown";
				INFOPLIST_KEY_WKCompanionAppBundleIdentifier = "Husayn-Esmail.Cribbage-Counter-iOS";
				LD_RUNPATH_SEARCH_PATHS = (
					"$(inherited)",
					"@executable_path/Frameworks",
				);
				MARKETING_VERSION = 1.0;
				PRODUCT_BUNDLE_IDENTIFIER = "Husayn-Esmail.Cribbage-Counter-iOS.watchkitapp";
				PRODUCT_NAME = "$(TARGET_NAME)";
				SDKROOT = watchos;
				SKIP_INSTALL = YES;
				SWIFT_EMIT_LOC_STRINGS = YES;
				SWIFT_VERSION = 5.0;
				TARGETED_DEVICE_FAMILY = 4;
				WATCHOS_DEPLOYMENT_TARGET = 9.1;
			};
			name = Debug;
		};
		56787BD22998427300B9CFB5 /* Release */ = {
			isa = XCBuildConfiguration;
			buildSettings = {
				ASSETCATALOG_COMPILER_APPICON_NAME = AppIcon;
				ASSETCATALOG_COMPILER_GLOBAL_ACCENT_COLOR_NAME = AccentColor;
				CODE_SIGN_STYLE = Automatic;
				CURRENT_PROJECT_VERSION = 1;
				DEVELOPMENT_ASSET_PATHS = "\"Cribbage Counter WatchOS Watch App/Preview Content\"";
				DEVELOPMENT_TEAM = P4PNCTT7XM;
				ENABLE_PREVIEWS = YES;
				GENERATE_INFOPLIST_FILE = YES;
				INFOPLIST_KEY_CFBundleDisplayName = "Cribbage Counter WatchOS";
				INFOPLIST_KEY_UISupportedInterfaceOrientations = "UIInterfaceOrientationPortrait UIInterfaceOrientationPortraitUpsideDown";
				INFOPLIST_KEY_WKCompanionAppBundleIdentifier = "Husayn-Esmail.Cribbage-Counter-iOS";
				LD_RUNPATH_SEARCH_PATHS = (
					"$(inherited)",
					"@executable_path/Frameworks",
				);
				MARKETING_VERSION = 1.0;
				PRODUCT_BUNDLE_IDENTIFIER = "Husayn-Esmail.Cribbage-Counter-iOS.watchkitapp";
				PRODUCT_NAME = "$(TARGET_NAME)";
				SDKROOT = watchos;
				SKIP_INSTALL = YES;
				SWIFT_EMIT_LOC_STRINGS = YES;
				SWIFT_VERSION = 5.0;
				TARGETED_DEVICE_FAMILY = 4;
				WATCHOS_DEPLOYMENT_TARGET = 9.1;
			};
			name = Release;
		};
		56787BD32998427300B9CFB5 /* Debug */ = {
			isa = XCBuildConfiguration;
			buildSettings = {
				ALWAYS_EMBED_SWIFT_STANDARD_LIBRARIES = YES;
				BUNDLE_LOADER = "$(TEST_HOST)";
				CODE_SIGN_STYLE = Automatic;
				CURRENT_PROJECT_VERSION = 1;
				DEVELOPMENT_TEAM = P4PNCTT7XM;
				GENERATE_INFOPLIST_FILE = YES;
				MARKETING_VERSION = 1.0;
				PRODUCT_BUNDLE_IDENTIFIER = "Husayn-Esmail.Cribbage-Counter-WatchOS-Watch-AppTests";
				PRODUCT_NAME = "$(TARGET_NAME)";
				SDKROOT = watchos;
				SWIFT_EMIT_LOC_STRINGS = NO;
				SWIFT_VERSION = 5.0;
				TARGETED_DEVICE_FAMILY = 4;
				TEST_HOST = "$(BUILT_PRODUCTS_DIR)/Cribbage Counter WatchOS Watch App.app/$(BUNDLE_EXECUTABLE_FOLDER_PATH)/Cribbage Counter WatchOS Watch App";
				WATCHOS_DEPLOYMENT_TARGET = 9.1;
			};
			name = Debug;
		};
		56787BD42998427300B9CFB5 /* Release */ = {
			isa = XCBuildConfiguration;
			buildSettings = {
				ALWAYS_EMBED_SWIFT_STANDARD_LIBRARIES = YES;
				BUNDLE_LOADER = "$(TEST_HOST)";
				CODE_SIGN_STYLE = Automatic;
				CURRENT_PROJECT_VERSION = 1;
				DEVELOPMENT_TEAM = P4PNCTT7XM;
				GENERATE_INFOPLIST_FILE = YES;
				MARKETING_VERSION = 1.0;
				PRODUCT_BUNDLE_IDENTIFIER = "Husayn-Esmail.Cribbage-Counter-WatchOS-Watch-AppTests";
				PRODUCT_NAME = "$(TARGET_NAME)";
				SDKROOT = watchos;
				SWIFT_EMIT_LOC_STRINGS = NO;
				SWIFT_VERSION = 5.0;
				TARGETED_DEVICE_FAMILY = 4;
				TEST_HOST = "$(BUILT_PRODUCTS_DIR)/Cribbage Counter WatchOS Watch App.app/$(BUNDLE_EXECUTABLE_FOLDER_PATH)/Cribbage Counter WatchOS Watch App";
				WATCHOS_DEPLOYMENT_TARGET = 9.1;
			};
			name = Release;
		};
		56787BD52998427300B9CFB5 /* Debug */ = {
			isa = XCBuildConfiguration;
			buildSettings = {
				ALWAYS_EMBED_SWIFT_STANDARD_LIBRARIES = YES;
				CODE_SIGN_STYLE = Automatic;
				CURRENT_PROJECT_VERSION = 1;
				DEVELOPMENT_TEAM = P4PNCTT7XM;
				GENERATE_INFOPLIST_FILE = YES;
				MARKETING_VERSION = 1.0;
				PRODUCT_BUNDLE_IDENTIFIER = "Husayn-Esmail.Cribbage-Counter-WatchOS-Watch-AppUITests";
				PRODUCT_NAME = "$(TARGET_NAME)";
				SDKROOT = watchos;
				SWIFT_EMIT_LOC_STRINGS = NO;
				SWIFT_VERSION = 5.0;
				TARGETED_DEVICE_FAMILY = 4;
				TEST_TARGET_NAME = "Cribbage Counter WatchOS Watch App";
				WATCHOS_DEPLOYMENT_TARGET = 9.1;
			};
			name = Debug;
		};
		56787BD62998427300B9CFB5 /* Release */ = {
			isa = XCBuildConfiguration;
			buildSettings = {
				ALWAYS_EMBED_SWIFT_STANDARD_LIBRARIES = YES;
				CODE_SIGN_STYLE = Automatic;
				CURRENT_PROJECT_VERSION = 1;
				DEVELOPMENT_TEAM = P4PNCTT7XM;
				GENERATE_INFOPLIST_FILE = YES;
				MARKETING_VERSION = 1.0;
				PRODUCT_BUNDLE_IDENTIFIER = "Husayn-Esmail.Cribbage-Counter-WatchOS-Watch-AppUITests";
				PRODUCT_NAME = "$(TARGET_NAME)";
				SDKROOT = watchos;
				SWIFT_EMIT_LOC_STRINGS = NO;
				SWIFT_VERSION = 5.0;
				TARGETED_DEVICE_FAMILY = 4;
				TEST_TARGET_NAME = "Cribbage Counter WatchOS Watch App";
				WATCHOS_DEPLOYMENT_TARGET = 9.1;
			};
			name = Release;
		};
		5682C1042997023F003E490D /* Debug */ = {
			isa = XCBuildConfiguration;
			buildSettings = {
				ALWAYS_SEARCH_USER_PATHS = NO;
				CLANG_ANALYZER_NONNULL = YES;
				CLANG_ANALYZER_NUMBER_OBJECT_CONVERSION = YES_AGGRESSIVE;
				CLANG_CXX_LANGUAGE_STANDARD = "gnu++20";
				CLANG_ENABLE_MODULES = YES;
				CLANG_ENABLE_OBJC_ARC = YES;
				CLANG_ENABLE_OBJC_WEAK = YES;
				CLANG_WARN_BLOCK_CAPTURE_AUTORELEASING = YES;
				CLANG_WARN_BOOL_CONVERSION = YES;
				CLANG_WARN_COMMA = YES;
				CLANG_WARN_CONSTANT_CONVERSION = YES;
				CLANG_WARN_DEPRECATED_OBJC_IMPLEMENTATIONS = YES;
				CLANG_WARN_DIRECT_OBJC_ISA_USAGE = YES_ERROR;
				CLANG_WARN_DOCUMENTATION_COMMENTS = YES;
				CLANG_WARN_EMPTY_BODY = YES;
				CLANG_WARN_ENUM_CONVERSION = YES;
				CLANG_WARN_INFINITE_RECURSION = YES;
				CLANG_WARN_INT_CONVERSION = YES;
				CLANG_WARN_NON_LITERAL_NULL_CONVERSION = YES;
				CLANG_WARN_OBJC_IMPLICIT_RETAIN_SELF = YES;
				CLANG_WARN_OBJC_LITERAL_CONVERSION = YES;
				CLANG_WARN_OBJC_ROOT_CLASS = YES_ERROR;
				CLANG_WARN_QUOTED_INCLUDE_IN_FRAMEWORK_HEADER = YES;
				CLANG_WARN_RANGE_LOOP_ANALYSIS = YES;
				CLANG_WARN_STRICT_PROTOTYPES = YES;
				CLANG_WARN_SUSPICIOUS_MOVE = YES;
				CLANG_WARN_UNGUARDED_AVAILABILITY = YES_AGGRESSIVE;
				CLANG_WARN_UNREACHABLE_CODE = YES;
				CLANG_WARN__DUPLICATE_METHOD_MATCH = YES;
				COPY_PHASE_STRIP = NO;
				DEBUG_INFORMATION_FORMAT = dwarf;
				ENABLE_STRICT_OBJC_MSGSEND = YES;
				ENABLE_TESTABILITY = YES;
				GCC_C_LANGUAGE_STANDARD = gnu11;
				GCC_DYNAMIC_NO_PIC = NO;
				GCC_NO_COMMON_BLOCKS = YES;
				GCC_OPTIMIZATION_LEVEL = 0;
				GCC_PREPROCESSOR_DEFINITIONS = (
					"DEBUG=1",
					"$(inherited)",
				);
				GCC_WARN_64_TO_32_BIT_CONVERSION = YES;
				GCC_WARN_ABOUT_RETURN_TYPE = YES_ERROR;
				GCC_WARN_UNDECLARED_SELECTOR = YES;
				GCC_WARN_UNINITIALIZED_AUTOS = YES_AGGRESSIVE;
				GCC_WARN_UNUSED_FUNCTION = YES;
				GCC_WARN_UNUSED_VARIABLE = YES;
				IPHONEOS_DEPLOYMENT_TARGET = 16.2;
				MTL_ENABLE_DEBUG_INFO = INCLUDE_SOURCE;
				MTL_FAST_MATH = YES;
				ONLY_ACTIVE_ARCH = YES;
				SDKROOT = iphoneos;
				SWIFT_ACTIVE_COMPILATION_CONDITIONS = DEBUG;
				SWIFT_OPTIMIZATION_LEVEL = "-Onone";
			};
			name = Debug;
		};
		5682C1052997023F003E490D /* Release */ = {
			isa = XCBuildConfiguration;
			buildSettings = {
				ALWAYS_SEARCH_USER_PATHS = NO;
				CLANG_ANALYZER_NONNULL = YES;
				CLANG_ANALYZER_NUMBER_OBJECT_CONVERSION = YES_AGGRESSIVE;
				CLANG_CXX_LANGUAGE_STANDARD = "gnu++20";
				CLANG_ENABLE_MODULES = YES;
				CLANG_ENABLE_OBJC_ARC = YES;
				CLANG_ENABLE_OBJC_WEAK = YES;
				CLANG_WARN_BLOCK_CAPTURE_AUTORELEASING = YES;
				CLANG_WARN_BOOL_CONVERSION = YES;
				CLANG_WARN_COMMA = YES;
				CLANG_WARN_CONSTANT_CONVERSION = YES;
				CLANG_WARN_DEPRECATED_OBJC_IMPLEMENTATIONS = YES;
				CLANG_WARN_DIRECT_OBJC_ISA_USAGE = YES_ERROR;
				CLANG_WARN_DOCUMENTATION_COMMENTS = YES;
				CLANG_WARN_EMPTY_BODY = YES;
				CLANG_WARN_ENUM_CONVERSION = YES;
				CLANG_WARN_INFINITE_RECURSION = YES;
				CLANG_WARN_INT_CONVERSION = YES;
				CLANG_WARN_NON_LITERAL_NULL_CONVERSION = YES;
				CLANG_WARN_OBJC_IMPLICIT_RETAIN_SELF = YES;
				CLANG_WARN_OBJC_LITERAL_CONVERSION = YES;
				CLANG_WARN_OBJC_ROOT_CLASS = YES_ERROR;
				CLANG_WARN_QUOTED_INCLUDE_IN_FRAMEWORK_HEADER = YES;
				CLANG_WARN_RANGE_LOOP_ANALYSIS = YES;
				CLANG_WARN_STRICT_PROTOTYPES = YES;
				CLANG_WARN_SUSPICIOUS_MOVE = YES;
				CLANG_WARN_UNGUARDED_AVAILABILITY = YES_AGGRESSIVE;
				CLANG_WARN_UNREACHABLE_CODE = YES;
				CLANG_WARN__DUPLICATE_METHOD_MATCH = YES;
				COPY_PHASE_STRIP = NO;
				DEBUG_INFORMATION_FORMAT = "dwarf-with-dsym";
				ENABLE_NS_ASSERTIONS = NO;
				ENABLE_STRICT_OBJC_MSGSEND = YES;
				GCC_C_LANGUAGE_STANDARD = gnu11;
				GCC_NO_COMMON_BLOCKS = YES;
				GCC_WARN_64_TO_32_BIT_CONVERSION = YES;
				GCC_WARN_ABOUT_RETURN_TYPE = YES_ERROR;
				GCC_WARN_UNDECLARED_SELECTOR = YES;
				GCC_WARN_UNINITIALIZED_AUTOS = YES_AGGRESSIVE;
				GCC_WARN_UNUSED_FUNCTION = YES;
				GCC_WARN_UNUSED_VARIABLE = YES;
				IPHONEOS_DEPLOYMENT_TARGET = 16.2;
				MTL_ENABLE_DEBUG_INFO = NO;
				MTL_FAST_MATH = YES;
				SDKROOT = iphoneos;
				SWIFT_COMPILATION_MODE = wholemodule;
				SWIFT_OPTIMIZATION_LEVEL = "-O";
				VALIDATE_PRODUCT = YES;
			};
			name = Release;
		};
		5682C1072997023F003E490D /* Debug */ = {
			isa = XCBuildConfiguration;
			buildSettings = {
				ALWAYS_EMBED_SWIFT_STANDARD_LIBRARIES = YES;
				ASSETCATALOG_COMPILER_APPICON_NAME = AppIcon;
				ASSETCATALOG_COMPILER_GLOBAL_ACCENT_COLOR_NAME = AccentColor;
				CODE_SIGN_STYLE = Automatic;
				CURRENT_PROJECT_VERSION = 1;
				DEVELOPMENT_ASSET_PATHS = "\"Cribbage Counter iOS/Preview Content\"";
				DEVELOPMENT_TEAM = P4PNCTT7XM;
				ENABLE_PREVIEWS = YES;
				GENERATE_INFOPLIST_FILE = YES;
				INFOPLIST_KEY_UIApplicationSceneManifest_Generation = YES;
				INFOPLIST_KEY_UIApplicationSupportsIndirectInputEvents = YES;
				INFOPLIST_KEY_UILaunchScreen_Generation = YES;
				INFOPLIST_KEY_UISupportedInterfaceOrientations_iPad = "UIInterfaceOrientationPortrait UIInterfaceOrientationPortraitUpsideDown UIInterfaceOrientationLandscapeLeft UIInterfaceOrientationLandscapeRight";
				INFOPLIST_KEY_UISupportedInterfaceOrientations_iPhone = "UIInterfaceOrientationPortrait UIInterfaceOrientationLandscapeLeft UIInterfaceOrientationLandscapeRight";
				LD_RUNPATH_SEARCH_PATHS = (
					"$(inherited)",
					"@executable_path/Frameworks",
				);
				MARKETING_VERSION = 1.0;
				PRODUCT_BUNDLE_IDENTIFIER = "Husayn-Esmail.Cribbage-Counter-iOS";
				PRODUCT_NAME = "$(TARGET_NAME)";
				SWIFT_EMIT_LOC_STRINGS = YES;
				SWIFT_VERSION = 5.0;
				TARGETED_DEVICE_FAMILY = "1,2";
			};
			name = Debug;
		};
		5682C1082997023F003E490D /* Release */ = {
			isa = XCBuildConfiguration;
			buildSettings = {
				ALWAYS_EMBED_SWIFT_STANDARD_LIBRARIES = YES;
				ASSETCATALOG_COMPILER_APPICON_NAME = AppIcon;
				ASSETCATALOG_COMPILER_GLOBAL_ACCENT_COLOR_NAME = AccentColor;
				CODE_SIGN_STYLE = Automatic;
				CURRENT_PROJECT_VERSION = 1;
				DEVELOPMENT_ASSET_PATHS = "\"Cribbage Counter iOS/Preview Content\"";
				DEVELOPMENT_TEAM = P4PNCTT7XM;
				ENABLE_PREVIEWS = YES;
				GENERATE_INFOPLIST_FILE = YES;
				INFOPLIST_KEY_UIApplicationSceneManifest_Generation = YES;
				INFOPLIST_KEY_UIApplicationSupportsIndirectInputEvents = YES;
				INFOPLIST_KEY_UILaunchScreen_Generation = YES;
				INFOPLIST_KEY_UISupportedInterfaceOrientations_iPad = "UIInterfaceOrientationPortrait UIInterfaceOrientationPortraitUpsideDown UIInterfaceOrientationLandscapeLeft UIInterfaceOrientationLandscapeRight";
				INFOPLIST_KEY_UISupportedInterfaceOrientations_iPhone = "UIInterfaceOrientationPortrait UIInterfaceOrientationLandscapeLeft UIInterfaceOrientationLandscapeRight";
				LD_RUNPATH_SEARCH_PATHS = (
					"$(inherited)",
					"@executable_path/Frameworks",
				);
				MARKETING_VERSION = 1.0;
				PRODUCT_BUNDLE_IDENTIFIER = "Husayn-Esmail.Cribbage-Counter-iOS";
				PRODUCT_NAME = "$(TARGET_NAME)";
				SWIFT_EMIT_LOC_STRINGS = YES;
				SWIFT_VERSION = 5.0;
				TARGETED_DEVICE_FAMILY = "1,2";
			};
			name = Release;
		};
		5682C10A2997023F003E490D /* Debug */ = {
			isa = XCBuildConfiguration;
			buildSettings = {
				ALWAYS_EMBED_SWIFT_STANDARD_LIBRARIES = YES;
				BUNDLE_LOADER = "$(TEST_HOST)";
				CODE_SIGN_STYLE = Automatic;
				CURRENT_PROJECT_VERSION = 1;
				DEVELOPMENT_TEAM = P4PNCTT7XM;
				GENERATE_INFOPLIST_FILE = YES;
				IPHONEOS_DEPLOYMENT_TARGET = 16.2;
				MARKETING_VERSION = 1.0;
				PRODUCT_BUNDLE_IDENTIFIER = "Husayn-Esmail.Cribbage-Counter-iOSTests";
				PRODUCT_NAME = "$(TARGET_NAME)";
				SWIFT_EMIT_LOC_STRINGS = NO;
				SWIFT_VERSION = 5.0;
				TARGETED_DEVICE_FAMILY = "1,2";
				TEST_HOST = "$(BUILT_PRODUCTS_DIR)/Cribbage Counter iOS.app/$(BUNDLE_EXECUTABLE_FOLDER_PATH)/Cribbage Counter iOS";
			};
			name = Debug;
		};
		5682C10B2997023F003E490D /* Release */ = {
			isa = XCBuildConfiguration;
			buildSettings = {
				ALWAYS_EMBED_SWIFT_STANDARD_LIBRARIES = YES;
				BUNDLE_LOADER = "$(TEST_HOST)";
				CODE_SIGN_STYLE = Automatic;
				CURRENT_PROJECT_VERSION = 1;
				DEVELOPMENT_TEAM = P4PNCTT7XM;
				GENERATE_INFOPLIST_FILE = YES;
				IPHONEOS_DEPLOYMENT_TARGET = 16.2;
				MARKETING_VERSION = 1.0;
				PRODUCT_BUNDLE_IDENTIFIER = "Husayn-Esmail.Cribbage-Counter-iOSTests";
				PRODUCT_NAME = "$(TARGET_NAME)";
				SWIFT_EMIT_LOC_STRINGS = NO;
				SWIFT_VERSION = 5.0;
				TARGETED_DEVICE_FAMILY = "1,2";
				TEST_HOST = "$(BUILT_PRODUCTS_DIR)/Cribbage Counter iOS.app/$(BUNDLE_EXECUTABLE_FOLDER_PATH)/Cribbage Counter iOS";
			};
			name = Release;
		};
		5682C10D2997023F003E490D /* Debug */ = {
			isa = XCBuildConfiguration;
			buildSettings = {
				ALWAYS_EMBED_SWIFT_STANDARD_LIBRARIES = YES;
				CODE_SIGN_STYLE = Automatic;
				CURRENT_PROJECT_VERSION = 1;
				DEVELOPMENT_TEAM = P4PNCTT7XM;
				GENERATE_INFOPLIST_FILE = YES;
				MARKETING_VERSION = 1.0;
				PRODUCT_BUNDLE_IDENTIFIER = "Husayn-Esmail.Cribbage-Counter-iOSUITests";
				PRODUCT_NAME = "$(TARGET_NAME)";
				SWIFT_EMIT_LOC_STRINGS = NO;
				SWIFT_VERSION = 5.0;
				TARGETED_DEVICE_FAMILY = "1,2";
				TEST_TARGET_NAME = "Cribbage Counter iOS";
			};
			name = Debug;
		};
		5682C10E2997023F003E490D /* Release */ = {
			isa = XCBuildConfiguration;
			buildSettings = {
				ALWAYS_EMBED_SWIFT_STANDARD_LIBRARIES = YES;
				CODE_SIGN_STYLE = Automatic;
				CURRENT_PROJECT_VERSION = 1;
				DEVELOPMENT_TEAM = P4PNCTT7XM;
				GENERATE_INFOPLIST_FILE = YES;
				MARKETING_VERSION = 1.0;
				PRODUCT_BUNDLE_IDENTIFIER = "Husayn-Esmail.Cribbage-Counter-iOSUITests";
				PRODUCT_NAME = "$(TARGET_NAME)";
				SWIFT_EMIT_LOC_STRINGS = NO;
				SWIFT_VERSION = 5.0;
				TARGETED_DEVICE_FAMILY = "1,2";
				TEST_TARGET_NAME = "Cribbage Counter iOS";
			};
			name = Release;
		};
/* End XCBuildConfiguration section */

/* Begin XCConfigurationList section */
		56787BD72998427300B9CFB5 /* Build configuration list for PBXNativeTarget "Cribbage Counter WatchOS Watch App" */ = {
			isa = XCConfigurationList;
			buildConfigurations = (
				56787BD12998427300B9CFB5 /* Debug */,
				56787BD22998427300B9CFB5 /* Release */,
			);
			defaultConfigurationIsVisible = 0;
			defaultConfigurationName = Release;
		};
		56787BD82998427300B9CFB5 /* Build configuration list for PBXNativeTarget "Cribbage Counter WatchOS Watch AppTests" */ = {
			isa = XCConfigurationList;
			buildConfigurations = (
				56787BD32998427300B9CFB5 /* Debug */,
				56787BD42998427300B9CFB5 /* Release */,
			);
			defaultConfigurationIsVisible = 0;
			defaultConfigurationName = Release;
		};
		56787BD92998427300B9CFB5 /* Build configuration list for PBXNativeTarget "Cribbage Counter WatchOS Watch AppUITests" */ = {
			isa = XCConfigurationList;
			buildConfigurations = (
				56787BD52998427300B9CFB5 /* Debug */,
				56787BD62998427300B9CFB5 /* Release */,
			);
			defaultConfigurationIsVisible = 0;
			defaultConfigurationName = Release;
		};
		5682C0DD2997023C003E490D /* Build configuration list for PBXProject "Cribbage Counter iOS" */ = {
			isa = XCConfigurationList;
			buildConfigurations = (
				5682C1042997023F003E490D /* Debug */,
				5682C1052997023F003E490D /* Release */,
			);
			defaultConfigurationIsVisible = 0;
			defaultConfigurationName = Release;
		};
		5682C1062997023F003E490D /* Build configuration list for PBXNativeTarget "Cribbage Counter iOS" */ = {
			isa = XCConfigurationList;
			buildConfigurations = (
				5682C1072997023F003E490D /* Debug */,
				5682C1082997023F003E490D /* Release */,
			);
			defaultConfigurationIsVisible = 0;
			defaultConfigurationName = Release;
		};
		5682C1092997023F003E490D /* Build configuration list for PBXNativeTarget "Cribbage Counter iOSTests" */ = {
			isa = XCConfigurationList;
			buildConfigurations = (
				5682C10A2997023F003E490D /* Debug */,
				5682C10B2997023F003E490D /* Release */,
			);
			defaultConfigurationIsVisible = 0;
			defaultConfigurationName = Release;
		};
		5682C10C2997023F003E490D /* Build configuration list for PBXNativeTarget "Cribbage Counter iOSUITests" */ = {
			isa = XCConfigurationList;
			buildConfigurations = (
				5682C10D2997023F003E490D /* Debug */,
				5682C10E2997023F003E490D /* Release */,
			);
			defaultConfigurationIsVisible = 0;
			defaultConfigurationName = Release;
		};
/* End XCConfigurationList section */
	};
	rootObject = 5682C0DA2997023C003E490D /* Project object */;
}
